github.com/bcomnes/goversion/v2 v2.2.5 h1:TZdaks26rYQplkeYLmNaD2Eh008P25TxZvpfx/Hl49s=
github.com/bcomnes/goversion/v2 v2.2.5/go.mod h1:n+LrF9w/FKYy/jwmxszjLokXMTN4YN/IPymvvL1MTq0=
golang.org/x/mod v0.38.0 h1:MECBjubtXD7yj4HrhIUcywNaGeNVUdfVnxmPajOk4yk=
golang.org/x/mod v0.38.0/go.mod h1:V6Xz0pq8TQ3dGqVQ1FVHuelZpAL0uNhSkk9ogYP3c40=
